// !$*UTF8*$!
{
	archiveVersion = 1;
	classes = {
	};
	objectVersion = 56;
	objects = {

/* Begin PBXBuildFile section */
		BE00BEF62A3F201F008FC172 /* Images.swift in Sources */ = {isa = PBXBuildFile; fileRef = BE00BEF52A3F201E008FC172 /* Images.swift */; };
		BE00EE0F2A4A15C400599D28 /* DataManager.swift in Sources */ = {isa = PBXBuildFile; fileRef = BE00EE0E2A4A15C400599D28 /* DataManager.swift */; };
		BE00EE112A4ADB3D00599D28 /* PlaceholderView.swift in Sources */ = {isa = PBXBuildFile; fileRef = BE00EE102A4ADB3D00599D28 /* PlaceholderView.swift */; };
		BE1E62B12A3F2434002185B2 /* StatisticsViewController.swift in Sources */ = {isa = PBXBuildFile; fileRef = BE1E62B02A3F2434002185B2 /* StatisticsViewController.swift */; };
		BE1E62B32A3F246D002185B2 /* MainTabBarController.swift in Sources */ = {isa = PBXBuildFile; fileRef = BE1E62B22A3F246D002185B2 /* MainTabBarController.swift */; };
		BE1E62B52A3F4BE9002185B2 /* UIView + Extensions.swift in Sources */ = {isa = PBXBuildFile; fileRef = BE1E62B42A3F4BE9002185B2 /* UIView + Extensions.swift */; };
		BE1E62BA2A3F4EB2002185B2 /* TrackerCell.swift in Sources */ = {isa = PBXBuildFile; fileRef = BE1E62B92A3F4EB2002185B2 /* TrackerCell.swift */; };
		BE1E62BC2A3F842C002185B2 /* SupplementaryView.swift in Sources */ = {isa = PBXBuildFile; fileRef = BE1E62BB2A3F842C002185B2 /* SupplementaryView.swift */; };
		BE1E62BE2A3F89F8002185B2 /* TrackerModels.swift in Sources */ = {isa = PBXBuildFile; fileRef = BE1E62BD2A3F89F8002185B2 /* TrackerModels.swift */; };
		BE1E62C22A3F8B44002185B2 /* GeometricParams.swift in Sources */ = {isa = PBXBuildFile; fileRef = BE1E62C12A3F8B44002185B2 /* GeometricParams.swift */; };
		BE1E62C42A3F8EBE002185B2 /* ChooseTrackerTypeViewController.swift in Sources */ = {isa = PBXBuildFile; fileRef = BE1E62C32A3F8EBE002185B2 /* ChooseTrackerTypeViewController.swift */; };
		BE638BBF2A3C7D58005900C2 /* AppDelegate.swift in Sources */ = {isa = PBXBuildFile; fileRef = BE638BBE2A3C7D58005900C2 /* AppDelegate.swift */; };
		BE638BC12A3C7D58005900C2 /* SceneDelegate.swift in Sources */ = {isa = PBXBuildFile; fileRef = BE638BC02A3C7D58005900C2 /* SceneDelegate.swift */; };
		BE638BC32A3C7D58005900C2 /* TrackersViewController.swift in Sources */ = {isa = PBXBuildFile; fileRef = BE638BC22A3C7D58005900C2 /* TrackersViewController.swift */; };
		BE638BC82A3C7D5F005900C2 /* Assets.xcassets in Resources */ = {isa = PBXBuildFile; fileRef = BE638BC72A3C7D5F005900C2 /* Assets.xcassets */; };
		BE638BCB2A3C7D5F005900C2 /* LaunchScreen.storyboard in Resources */ = {isa = PBXBuildFile; fileRef = BE638BC92A3C7D5F005900C2 /* LaunchScreen.storyboard */; };
		BEEE7C4E2A40412700315F2D /* CreateTrackerViewController.swift in Sources */ = {isa = PBXBuildFile; fileRef = BEEE7C4D2A40412700315F2D /* CreateTrackerViewController.swift */; };
		BEEE7C502A40580400315F2D /* CreateTrackerCell.swift in Sources */ = {isa = PBXBuildFile; fileRef = BEEE7C4F2A40580400315F2D /* CreateTrackerCell.swift */; };
		BEEE7C522A40C98400315F2D /* UIColor + Extensions.swift in Sources */ = {isa = PBXBuildFile; fileRef = BEEE7C512A40C98400315F2D /* UIColor + Extensions.swift */; };
		BEEE7C592A41BB4A00315F2D /* ScheduleViewController.swift in Sources */ = {isa = PBXBuildFile; fileRef = BEEE7C582A41BB4A00315F2D /* ScheduleViewController.swift */; };
		BEEE7C5D2A41CA0200315F2D /* SeparatorLineHelper.swift in Sources */ = {isa = PBXBuildFile; fileRef = BEEE7C5C2A41CA0200315F2D /* SeparatorLineHelper.swift */; };
/* End PBXBuildFile section */

/* Begin PBXFileReference section */
		BE00BEF52A3F201E008FC172 /* Images.swift */ = {isa = PBXFileReference; lastKnownFileType = sourcecode.swift; path = Images.swift; sourceTree = "<group>"; };
		BE00EE0E2A4A15C400599D28 /* DataManager.swift */ = {isa = PBXFileReference; lastKnownFileType = sourcecode.swift; path = DataManager.swift; sourceTree = "<group>"; };
		BE00EE102A4ADB3D00599D28 /* PlaceholderView.swift */ = {isa = PBXFileReference; lastKnownFileType = sourcecode.swift; path = PlaceholderView.swift; sourceTree = "<group>"; };
		BE1E62B02A3F2434002185B2 /* StatisticsViewController.swift */ = {isa = PBXFileReference; lastKnownFileType = sourcecode.swift; path = StatisticsViewController.swift; sourceTree = "<group>"; };
		BE1E62B22A3F246D002185B2 /* MainTabBarController.swift */ = {isa = PBXFileReference; lastKnownFileType = sourcecode.swift; path = MainTabBarController.swift; sourceTree = "<group>"; };
		BE1E62B42A3F4BE9002185B2 /* UIView + Extensions.swift */ = {isa = PBXFileReference; lastKnownFileType = sourcecode.swift; path = "UIView + Extensions.swift"; sourceTree = "<group>"; };
		BE1E62B92A3F4EB2002185B2 /* TrackerCell.swift */ = {isa = PBXFileReference; lastKnownFileType = sourcecode.swift; path = TrackerCell.swift; sourceTree = "<group>"; };
		BE1E62BB2A3F842C002185B2 /* SupplementaryView.swift */ = {isa = PBXFileReference; lastKnownFileType = sourcecode.swift; path = SupplementaryView.swift; sourceTree = "<group>"; };
		BE1E62BD2A3F89F8002185B2 /* TrackerModels.swift */ = {isa = PBXFileReference; lastKnownFileType = sourcecode.swift; path = TrackerModels.swift; sourceTree = "<group>"; };
		BE1E62C12A3F8B44002185B2 /* GeometricParams.swift */ = {isa = PBXFileReference; lastKnownFileType = sourcecode.swift; path = GeometricParams.swift; sourceTree = "<group>"; };
		BE1E62C32A3F8EBE002185B2 /* ChooseTrackerTypeViewController.swift */ = {isa = PBXFileReference; lastKnownFileType = sourcecode.swift; path = ChooseTrackerTypeViewController.swift; sourceTree = "<group>"; };
		BE638BBB2A3C7D58005900C2 /* Tracker.app */ = {isa = PBXFileReference; explicitFileType = wrapper.application; includeInIndex = 0; path = Tracker.app; sourceTree = BUILT_PRODUCTS_DIR; };
		BE638BBE2A3C7D58005900C2 /* AppDelegate.swift */ = {isa = PBXFileReference; lastKnownFileType = sourcecode.swift; path = AppDelegate.swift; sourceTree = "<group>"; };
		BE638BC02A3C7D58005900C2 /* SceneDelegate.swift */ = {isa = PBXFileReference; lastKnownFileType = sourcecode.swift; path = SceneDelegate.swift; sourceTree = "<group>"; };
		BE638BC22A3C7D58005900C2 /* TrackersViewController.swift */ = {isa = PBXFileReference; lastKnownFileType = sourcecode.swift; path = TrackersViewController.swift; sourceTree = "<group>"; };
		BE638BC72A3C7D5F005900C2 /* Assets.xcassets */ = {isa = PBXFileReference; lastKnownFileType = folder.assetcatalog; path = Assets.xcassets; sourceTree = "<group>"; };
		BE638BCA2A3C7D5F005900C2 /* Base */ = {isa = PBXFileReference; lastKnownFileType = file.storyboard; name = Base; path = Base.lproj/LaunchScreen.storyboard; sourceTree = "<group>"; };
		BE638BCC2A3C7D5F005900C2 /* Info.plist */ = {isa = PBXFileReference; lastKnownFileType = text.plist.xml; path = Info.plist; sourceTree = "<group>"; };
		BEEE7C4D2A40412700315F2D /* CreateTrackerViewController.swift */ = {isa = PBXFileReference; lastKnownFileType = sourcecode.swift; path = CreateTrackerViewController.swift; sourceTree = "<group>"; };
		BEEE7C4F2A40580400315F2D /* CreateTrackerCell.swift */ = {isa = PBXFileReference; lastKnownFileType = sourcecode.swift; path = CreateTrackerCell.swift; sourceTree = "<group>"; };
		BEEE7C512A40C98400315F2D /* UIColor + Extensions.swift */ = {isa = PBXFileReference; lastKnownFileType = sourcecode.swift; path = "UIColor + Extensions.swift"; sourceTree = "<group>"; };
		BEEE7C582A41BB4A00315F2D /* ScheduleViewController.swift */ = {isa = PBXFileReference; lastKnownFileType = sourcecode.swift; path = ScheduleViewController.swift; sourceTree = "<group>"; };
		BEEE7C5C2A41CA0200315F2D /* SeparatorLineHelper.swift */ = {isa = PBXFileReference; lastKnownFileType = sourcecode.swift; path = SeparatorLineHelper.swift; sourceTree = "<group>"; };
/* End PBXFileReference section */

/* Begin PBXFrameworksBuildPhase section */
		BE638BB82A3C7D58005900C2 /* Frameworks */ = {
			isa = PBXFrameworksBuildPhase;
			buildActionMask = 2147483647;
			files = (
			);
			runOnlyForDeploymentPostprocessing = 0;
		};
/* End PBXFrameworksBuildPhase section */

/* Begin PBXGroup section */
		BE00BEF12A3F1F7F008FC172 /* Application */ = {
			isa = PBXGroup;
			children = (
				BE638BBE2A3C7D58005900C2 /* AppDelegate.swift */,
				BE638BC02A3C7D58005900C2 /* SceneDelegate.swift */,
			);
			path = Application;
			sourceTree = "<group>";
		};
		BE00BEF22A3F1FB7008FC172 /* Configuration */ = {
			isa = PBXGroup;
			children = (
				BE638BCC2A3C7D5F005900C2 /* Info.plist */,
			);
			path = Configuration;
			sourceTree = "<group>";
		};
		BE00BEF32A3F1FC9008FC172 /* Storyboards */ = {
			isa = PBXGroup;
			children = (
				BE638BC92A3C7D5F005900C2 /* LaunchScreen.storyboard */,
			);
			path = Storyboards;
			sourceTree = "<group>";
		};
		BE00BEF42A3F1FE5008FC172 /* Resources */ = {
			isa = PBXGroup;
			children = (
				BE00BEF52A3F201E008FC172 /* Images.swift */,
				BE638BC72A3C7D5F005900C2 /* Assets.xcassets */,
			);
			path = Resources;
			sourceTree = "<group>";
		};
		BE1E62B62A3F4BF1002185B2 /* Extensions */ = {
			isa = PBXGroup;
			children = (
				BE1E62B42A3F4BE9002185B2 /* UIView + Extensions.swift */,
				BEEE7C512A40C98400315F2D /* UIColor + Extensions.swift */,
			);
			path = Extensions;
			sourceTree = "<group>";
		};
		BE1E62B72A3F4E87002185B2 /* Screens */ = {
			isa = PBXGroup;
			children = (
				BE1E62B82A3F4E92002185B2 /* Tracker */,
				BE1E62C02A3F8B01002185B2 /* Statistic */,
			);
			path = Screens;
			sourceTree = "<group>";
		};
		BE1E62B82A3F4E92002185B2 /* Tracker */ = {
			isa = PBXGroup;
			children = (
				BEEE7C5A2A41C33200315F2D /* Views */,
				BEEE7C5B2A41C35300315F2D /* Controllers */,
			);
			name = Tracker;
			sourceTree = "<group>";
		};
		BE1E62BF2A3F8AD8002185B2 /* Models */ = {
			isa = PBXGroup;
			children = (
				BE1E62C12A3F8B44002185B2 /* GeometricParams.swift */,
				BE1E62BD2A3F89F8002185B2 /* TrackerModels.swift */,
			);
			name = Models;
			path = Screens;
			sourceTree = "<group>";
		};
		BE1E62C02A3F8B01002185B2 /* Statistic */ = {
			isa = PBXGroup;
			children = (
				BE1E62B02A3F2434002185B2 /* StatisticsViewController.swift */,
			);
			name = Statistic;
			sourceTree = "<group>";
		};
		BE638BB22A3C7D58005900C2 = {
			isa = PBXGroup;
			children = (
				BE638BBD2A3C7D58005900C2 /* Tracker */,
				BE638BBC2A3C7D58005900C2 /* Products */,
			);
			sourceTree = "<group>";
		};
		BE638BBC2A3C7D58005900C2 /* Products */ = {
			isa = PBXGroup;
			children = (
				BE638BBB2A3C7D58005900C2 /* Tracker.app */,
			);
			name = Products;
			sourceTree = "<group>";
		};
		BE638BBD2A3C7D58005900C2 /* Tracker */ = {
			isa = PBXGroup;
			children = (
				BE00BEF12A3F1F7F008FC172 /* Application */,
				BE1E62BF2A3F8AD8002185B2 /* Models */,
				BE1E62B22A3F246D002185B2 /* MainTabBarController.swift */,
				BE1E62B72A3F4E87002185B2 /* Screens */,
				BE1E62B62A3F4BF1002185B2 /* Extensions */,
				BEEE7C5E2A41CA0600315F2D /* Helpers */,
				BE00BEF42A3F1FE5008FC172 /* Resources */,
				BE00BEF32A3F1FC9008FC172 /* Storyboards */,
				BE00BEF22A3F1FB7008FC172 /* Configuration */,
			);
			path = Tracker;
			sourceTree = "<group>";
		};
		BEEE7C5A2A41C33200315F2D /* Views */ = {
			isa = PBXGroup;
			children = (
				BE1E62BB2A3F842C002185B2 /* SupplementaryView.swift */,
				BE00EE102A4ADB3D00599D28 /* PlaceholderView.swift */,
				BE1E62B92A3F4EB2002185B2 /* TrackerCell.swift */,
				BEEE7C4F2A40580400315F2D /* CreateTrackerCell.swift */,
			);
			name = Views;
			sourceTree = "<group>";
		};
		BEEE7C5B2A41C35300315F2D /* Controllers */ = {
			isa = PBXGroup;
			children = (
				BE638BC22A3C7D58005900C2 /* TrackersViewController.swift */,
				BE1E62C32A3F8EBE002185B2 /* ChooseTrackerTypeViewController.swift */,
				BEEE7C4D2A40412700315F2D /* CreateTrackerViewController.swift */,
				BEEE7C582A41BB4A00315F2D /* ScheduleViewController.swift */,
			);
			name = Controllers;
			sourceTree = "<group>";
		};
		BEEE7C5E2A41CA0600315F2D /* Helpers */ = {
			isa = PBXGroup;
			children = (
				BEEE7C5C2A41CA0200315F2D /* SeparatorLineHelper.swift */,
				BE00EE0E2A4A15C400599D28 /* DataManager.swift */,
			);
			name = Helpers;
			path = Screens;
			sourceTree = "<group>";
		};
/* End PBXGroup section */

/* Begin PBXNativeTarget section */
		BE638BBA2A3C7D58005900C2 /* Tracker */ = {
			isa = PBXNativeTarget;
			buildConfigurationList = BE638BCF2A3C7D5F005900C2 /* Build configuration list for PBXNativeTarget "Tracker" */;
			buildPhases = (
				BE638BB72A3C7D58005900C2 /* Sources */,
				BE638BB82A3C7D58005900C2 /* Frameworks */,
				BE638BB92A3C7D58005900C2 /* Resources */,
			);
			buildRules = (
			);
			dependencies = (
			);
			name = Tracker;
			productName = Tracker;
			productReference = BE638BBB2A3C7D58005900C2 /* Tracker.app */;
			productType = "com.apple.product-type.application";
		};
/* End PBXNativeTarget section */

/* Begin PBXProject section */
		BE638BB32A3C7D58005900C2 /* Project object */ = {
			isa = PBXProject;
			attributes = {
				BuildIndependentTargetsInParallel = 1;
				LastSwiftUpdateCheck = 1430;
				LastUpgradeCheck = 1430;
				TargetAttributes = {
					BE638BBA2A3C7D58005900C2 = {
						CreatedOnToolsVersion = 14.3.1;
					};
				};
			};
			buildConfigurationList = BE638BB62A3C7D58005900C2 /* Build configuration list for PBXProject "Tracker" */;
			compatibilityVersion = "Xcode 14.0";
			developmentRegion = en;
			hasScannedForEncodings = 0;
			knownRegions = (
				en,
				Base,
			);
			mainGroup = BE638BB22A3C7D58005900C2;
			productRefGroup = BE638BBC2A3C7D58005900C2 /* Products */;
			projectDirPath = "";
			projectRoot = "";
			targets = (
				BE638BBA2A3C7D58005900C2 /* Tracker */,
			);
		};
/* End PBXProject section */

/* Begin PBXResourcesBuildPhase section */
		BE638BB92A3C7D58005900C2 /* Resources */ = {
			isa = PBXResourcesBuildPhase;
			buildActionMask = 2147483647;
			files = (
				BE638BCB2A3C7D5F005900C2 /* LaunchScreen.storyboard in Resources */,
				BE638BC82A3C7D5F005900C2 /* Assets.xcassets in Resources */,
			);
			runOnlyForDeploymentPostprocessing = 0;
		};
/* End PBXResourcesBuildPhase section */

/* Begin PBXSourcesBuildPhase section */
		BE638BB72A3C7D58005900C2 /* Sources */ = {
			isa = PBXSourcesBuildPhase;
			buildActionMask = 2147483647;
			files = (
				BE1E62BA2A3F4EB2002185B2 /* TrackerCell.swift in Sources */,
				BE1E62B52A3F4BE9002185B2 /* UIView + Extensions.swift in Sources */,
				BE638BC32A3C7D58005900C2 /* TrackersViewController.swift in Sources */,
				BEEE7C592A41BB4A00315F2D /* ScheduleViewController.swift in Sources */,
				BE1E62B12A3F2434002185B2 /* StatisticsViewController.swift in Sources */,
				BE1E62C22A3F8B44002185B2 /* GeometricParams.swift in Sources */,
				BE1E62B32A3F246D002185B2 /* MainTabBarController.swift in Sources */,
				BEEE7C522A40C98400315F2D /* UIColor + Extensions.swift in Sources */,
				BE1E62BC2A3F842C002185B2 /* SupplementaryView.swift in Sources */,
				BE00BEF62A3F201F008FC172 /* Images.swift in Sources */,
				BE638BBF2A3C7D58005900C2 /* AppDelegate.swift in Sources */,
				BEEE7C502A40580400315F2D /* CreateTrackerCell.swift in Sources */,
				BE00EE112A4ADB3D00599D28 /* PlaceholderView.swift in Sources */,
				BE1E62BE2A3F89F8002185B2 /* TrackerModels.swift in Sources */,
				BE00EE0F2A4A15C400599D28 /* DataManager.swift in Sources */,
				BEEE7C4E2A40412700315F2D /* CreateTrackerViewController.swift in Sources */,
				BE638BC12A3C7D58005900C2 /* SceneDelegate.swift in Sources */,
				BE1E62C42A3F8EBE002185B2 /* ChooseTrackerTypeViewController.swift in Sources */,
				BEEE7C5D2A41CA0200315F2D /* SeparatorLineHelper.swift in Sources */,
			);
			runOnlyForDeploymentPostprocessing = 0;
		};
/* End PBXSourcesBuildPhase section */

/* Begin PBXVariantGroup section */
		BE638BC92A3C7D5F005900C2 /* LaunchScreen.storyboard */ = {
			isa = PBXVariantGroup;
			children = (
				BE638BCA2A3C7D5F005900C2 /* Base */,
			);
			name = LaunchScreen.storyboard;
			sourceTree = "<group>";
		};
/* End PBXVariantGroup section */

/* Begin XCBuildConfiguration section */
		BE638BCD2A3C7D5F005900C2 /* Debug */ = {
			isa = XCBuildConfiguration;
			buildSettings = {
				ALWAYS_SEARCH_USER_PATHS = NO;
				CLANG_ANALYZER_NONNULL = YES;
				CLANG_ANALYZER_NUMBER_OBJECT_CONVERSION = YES_AGGRESSIVE;
				CLANG_CXX_LANGUAGE_STANDARD = "gnu++20";
				CLANG_ENABLE_MODULES = YES;
				CLANG_ENABLE_OBJC_ARC = YES;
				CLANG_ENABLE_OBJC_WEAK = YES;
				CLANG_WARN_BLOCK_CAPTURE_AUTORELEASING = YES;
				CLANG_WARN_BOOL_CONVERSION = YES;
				CLANG_WARN_COMMA = YES;
				CLANG_WARN_CONSTANT_CONVERSION = YES;
				CLANG_WARN_DEPRECATED_OBJC_IMPLEMENTATIONS = YES;
				CLANG_WARN_DIRECT_OBJC_ISA_USAGE = YES_ERROR;
				CLANG_WARN_DOCUMENTATION_COMMENTS = YES;
				CLANG_WARN_EMPTY_BODY = YES;
				CLANG_WARN_ENUM_CONVERSION = YES;
				CLANG_WARN_INFINITE_RECURSION = YES;
				CLANG_WARN_INT_CONVERSION = YES;
				CLANG_WARN_NON_LITERAL_NULL_CONVERSION = YES;
				CLANG_WARN_OBJC_IMPLICIT_RETAIN_SELF = YES;
				CLANG_WARN_OBJC_LITERAL_CONVERSION = YES;
				CLANG_WARN_OBJC_ROOT_CLASS = YES_ERROR;
				CLANG_WARN_QUOTED_INCLUDE_IN_FRAMEWORK_HEADER = YES;
				CLANG_WARN_RANGE_LOOP_ANALYSIS = YES;
				CLANG_WARN_STRICT_PROTOTYPES = YES;
				CLANG_WARN_SUSPICIOUS_MOVE = YES;
				CLANG_WARN_UNGUARDED_AVAILABILITY = YES_AGGRESSIVE;
				CLANG_WARN_UNREACHABLE_CODE = YES;
				CLANG_WARN__DUPLICATE_METHOD_MATCH = YES;
				COPY_PHASE_STRIP = NO;
				DEBUG_INFORMATION_FORMAT = dwarf;
				ENABLE_STRICT_OBJC_MSGSEND = YES;
				ENABLE_TESTABILITY = YES;
				GCC_C_LANGUAGE_STANDARD = gnu11;
				GCC_DYNAMIC_NO_PIC = NO;
				GCC_NO_COMMON_BLOCKS = YES;
				GCC_OPTIMIZATION_LEVEL = 0;
				GCC_PREPROCESSOR_DEFINITIONS = (
					"DEBUG=1",
					"$(inherited)",
				);
				GCC_WARN_64_TO_32_BIT_CONVERSION = YES;
				GCC_WARN_ABOUT_RETURN_TYPE = YES_ERROR;
				GCC_WARN_UNDECLARED_SELECTOR = YES;
				GCC_WARN_UNINITIALIZED_AUTOS = YES_AGGRESSIVE;
				GCC_WARN_UNUSED_FUNCTION = YES;
				GCC_WARN_UNUSED_VARIABLE = YES;
				IPHONEOS_DEPLOYMENT_TARGET = 13.4;
				MTL_ENABLE_DEBUG_INFO = INCLUDE_SOURCE;
				MTL_FAST_MATH = YES;
				ONLY_ACTIVE_ARCH = YES;
				SDKROOT = iphoneos;
				SWIFT_ACTIVE_COMPILATION_CONDITIONS = DEBUG;
				SWIFT_OPTIMIZATION_LEVEL = "-Onone";
			};
			name = Debug;
		};
		BE638BCE2A3C7D5F005900C2 /* Release */ = {
			isa = XCBuildConfiguration;
			buildSettings = {
				ALWAYS_SEARCH_USER_PATHS = NO;
				CLANG_ANALYZER_NONNULL = YES;
				CLANG_ANALYZER_NUMBER_OBJECT_CONVERSION = YES_AGGRESSIVE;
				CLANG_CXX_LANGUAGE_STANDARD = "gnu++20";
				CLANG_ENABLE_MODULES = YES;
				CLANG_ENABLE_OBJC_ARC = YES;
				CLANG_ENABLE_OBJC_WEAK = YES;
				CLANG_WARN_BLOCK_CAPTURE_AUTORELEASING = YES;
				CLANG_WARN_BOOL_CONVERSION = YES;
				CLANG_WARN_COMMA = YES;
				CLANG_WARN_CONSTANT_CONVERSION = YES;
				CLANG_WARN_DEPRECATED_OBJC_IMPLEMENTATIONS = YES;
				CLANG_WARN_DIRECT_OBJC_ISA_USAGE = YES_ERROR;
				CLANG_WARN_DOCUMENTATION_COMMENTS = YES;
				CLANG_WARN_EMPTY_BODY = YES;
				CLANG_WARN_ENUM_CONVERSION = YES;
				CLANG_WARN_INFINITE_RECURSION = YES;
				CLANG_WARN_INT_CONVERSION = YES;
				CLANG_WARN_NON_LITERAL_NULL_CONVERSION = YES;
				CLANG_WARN_OBJC_IMPLICIT_RETAIN_SELF = YES;
				CLANG_WARN_OBJC_LITERAL_CONVERSION = YES;
				CLANG_WARN_OBJC_ROOT_CLASS = YES_ERROR;
				CLANG_WARN_QUOTED_INCLUDE_IN_FRAMEWORK_HEADER = YES;
				CLANG_WARN_RANGE_LOOP_ANALYSIS = YES;
				CLANG_WARN_STRICT_PROTOTYPES = YES;
				CLANG_WARN_SUSPICIOUS_MOVE = YES;
				CLANG_WARN_UNGUARDED_AVAILABILITY = YES_AGGRESSIVE;
				CLANG_WARN_UNREACHABLE_CODE = YES;
				CLANG_WARN__DUPLICATE_METHOD_MATCH = YES;
				COPY_PHASE_STRIP = NO;
				DEBUG_INFORMATION_FORMAT = "dwarf-with-dsym";
				ENABLE_NS_ASSERTIONS = NO;
				ENABLE_STRICT_OBJC_MSGSEND = YES;
				GCC_C_LANGUAGE_STANDARD = gnu11;
				GCC_NO_COMMON_BLOCKS = YES;
				GCC_WARN_64_TO_32_BIT_CONVERSION = YES;
				GCC_WARN_ABOUT_RETURN_TYPE = YES_ERROR;
				GCC_WARN_UNDECLARED_SELECTOR = YES;
				GCC_WARN_UNINITIALIZED_AUTOS = YES_AGGRESSIVE;
				GCC_WARN_UNUSED_FUNCTION = YES;
				GCC_WARN_UNUSED_VARIABLE = YES;
				IPHONEOS_DEPLOYMENT_TARGET = 13.4;
				MTL_ENABLE_DEBUG_INFO = NO;
				MTL_FAST_MATH = YES;
				SDKROOT = iphoneos;
				SWIFT_COMPILATION_MODE = wholemodule;
				SWIFT_OPTIMIZATION_LEVEL = "-O";
				VALIDATE_PRODUCT = YES;
			};
			name = Release;
		};
		BE638BD02A3C7D5F005900C2 /* Debug */ = {
			isa = XCBuildConfiguration;
			buildSettings = {
				ASSETCATALOG_COMPILER_APPICON_NAME = AppIcon;
				ASSETCATALOG_COMPILER_GLOBAL_ACCENT_COLOR_NAME = AccentColor;
				CODE_SIGN_STYLE = Automatic;
				CURRENT_PROJECT_VERSION = 1;
				DEVELOPMENT_TEAM = 3YZWNV863X;
				GENERATE_INFOPLIST_FILE = YES;
				INFOPLIST_FILE = Tracker/Configuration/Info.plist;
				INFOPLIST_KEY_UIApplicationSupportsIndirectInputEvents = YES;
				INFOPLIST_KEY_UILaunchStoryboardName = LaunchScreen;
				INFOPLIST_KEY_UISupportedInterfaceOrientations = UIInterfaceOrientationPortrait;
				INFOPLIST_KEY_UISupportedInterfaceOrientations_iPad = "UIInterfaceOrientationLandscapeLeft UIInterfaceOrientationLandscapeRight UIInterfaceOrientationPortrait UIInterfaceOrientationPortraitUpsideDown";
				IPHONEOS_DEPLOYMENT_TARGET = 13.4;
				LD_RUNPATH_SEARCH_PATHS = (
					"$(inherited)",
					"@executable_path/Frameworks",
				);
				MARKETING_VERSION = 1.0;
				PRODUCT_BUNDLE_IDENTIFIER = pavel.afanasiev.Tracker;
				PRODUCT_NAME = "$(TARGET_NAME)";
				SUPPORTED_PLATFORMS = "iphoneos iphonesimulator";
				SUPPORTS_MACCATALYST = NO;
				SUPPORTS_MAC_DESIGNED_FOR_IPHONE_IPAD = NO;
				SWIFT_EMIT_LOC_STRINGS = YES;
				SWIFT_VERSION = 5.0;
				TARGETED_DEVICE_FAMILY = 1;
			};
			name = Debug;
		};
		BE638BD12A3C7D5F005900C2 /* Release */ = {
			isa = XCBuildConfiguration;
			buildSettings = {
				ASSETCATALOG_COMPILER_APPICON_NAME = AppIcon;
				ASSETCATALOG_COMPILER_GLOBAL_ACCENT_COLOR_NAME = AccentColor;
				CODE_SIGN_STYLE = Automatic;
				CURRENT_PROJECT_VERSION = 1;
				DEVELOPMENT_TEAM = 3YZWNV863X;
				GENERATE_INFOPLIST_FILE = YES;
				INFOPLIST_FILE = Tracker/Configuration/Info.plist;
				INFOPLIST_KEY_UIApplicationSupportsIndirectInputEvents = YES;
				INFOPLIST_KEY_UILaunchStoryboardName = LaunchScreen;
				INFOPLIST_KEY_UISupportedInterfaceOrientations = UIInterfaceOrientationPortrait;
				INFOPLIST_KEY_UISupportedInterfaceOrientations_iPad = "UIInterfaceOrientationLandscapeLeft UIInterfaceOrientationLandscapeRight UIInterfaceOrientationPortrait UIInterfaceOrientationPortraitUpsideDown";
				IPHONEOS_DEPLOYMENT_TARGET = 13.4;
				LD_RUNPATH_SEARCH_PATHS = (
					"$(inherited)",
					"@executable_path/Frameworks",
				);
				MARKETING_VERSION = 1.0;
				PRODUCT_BUNDLE_IDENTIFIER = pavel.afanasiev.Tracker;
				PRODUCT_NAME = "$(TARGET_NAME)";
				SUPPORTED_PLATFORMS = "iphoneos iphonesimulator";
				SUPPORTS_MACCATALYST = NO;
				SUPPORTS_MAC_DESIGNED_FOR_IPHONE_IPAD = NO;
				SWIFT_EMIT_LOC_STRINGS = YES;
				SWIFT_VERSION = 5.0;
				TARGETED_DEVICE_FAMILY = 1;
			};
			name = Release;
		};
/* End XCBuildConfiguration section */

/* Begin XCConfigurationList section */
		BE638BB62A3C7D58005900C2 /* Build configuration list for PBXProject "Tracker" */ = {
			isa = XCConfigurationList;
			buildConfigurations = (
				BE638BCD2A3C7D5F005900C2 /* Debug */,
				BE638BCE2A3C7D5F005900C2 /* Release */,
			);
			defaultConfigurationIsVisible = 0;
			defaultConfigurationName = Release;
		};
		BE638BCF2A3C7D5F005900C2 /* Build configuration list for PBXNativeTarget "Tracker" */ = {
			isa = XCConfigurationList;
			buildConfigurations = (
				BE638BD02A3C7D5F005900C2 /* Debug */,
				BE638BD12A3C7D5F005900C2 /* Release */,
			);
			defaultConfigurationIsVisible = 0;
			defaultConfigurationName = Release;
		};
/* End XCConfigurationList section */
	};
	rootObject = BE638BB32A3C7D58005900C2 /* Project object */;
}
